// !$*UTF8*$!
{
	archiveVersion = 1;
	classes = {
	};
	objectVersion = 50;
	objects = {

/* Begin PBXBuildFile section */
		3F0625C2221430E100D697A3 /* DataNetworkRequestServiceType.swift in Sources */ = {isa = PBXBuildFile; fileRef = 3F0625C1221430E100D697A3 /* DataNetworkRequestServiceType.swift */; };
		3F20D8182212B6B1003F6981 /* Result.swift in Sources */ = {isa = PBXBuildFile; fileRef = 3F20D8172212B6B1003F6981 /* Result.swift */; };
		3F20D81B2212C099003F6981 /* PrecedenceGroups.swift in Sources */ = {isa = PBXBuildFile; fileRef = 3F20D81A2212C099003F6981 /* PrecedenceGroups.swift */; };
		3F20D81D2212C11D003F6981 /* Operators.swift in Sources */ = {isa = PBXBuildFile; fileRef = 3F20D81C2212C11D003F6981 /* Operators.swift */; };
		3F20D81F221301E7003F6981 /* NetworkTask.swift in Sources */ = {isa = PBXBuildFile; fileRef = 3F20D81E221301E7003F6981 /* NetworkTask.swift */; };
		3F20D821221302C3003F6981 /* DataNetworkRequestServiceMock.swift in Sources */ = {isa = PBXBuildFile; fileRef = 3F20D820221302C3003F6981 /* DataNetworkRequestServiceMock.swift */; };
		3F20D8232213089F003F6981 /* NetworkTask+Failed.swift in Sources */ = {isa = PBXBuildFile; fileRef = 3F20D8222213089F003F6981 /* NetworkTask+Failed.swift */; };
		3F2E2FBC220B1DEC00AD7C65 /* CountriesNetworkService.swift in Sources */ = {isa = PBXBuildFile; fileRef = 3F2E2FBB220B1DEC00AD7C65 /* CountriesNetworkService.swift */; };
		3F2E2FBE220B1E0800AD7C65 /* WeatherNetworkService.swift in Sources */ = {isa = PBXBuildFile; fileRef = 3F2E2FBD220B1E0800AD7C65 /* WeatherNetworkService.swift */; };
		3F2E2FC2220B1FF400AD7C65 /* WeatherJson.swift in Sources */ = {isa = PBXBuildFile; fileRef = 3F2E2FC1220B1FF400AD7C65 /* WeatherJson.swift */; };
		3F2E2FC4220B200100AD7C65 /* CountryJson.swift in Sources */ = {isa = PBXBuildFile; fileRef = 3F2E2FC3220B200100AD7C65 /* CountryJson.swift */; };
		3F2E2FC7220B20BC00AD7C65 /* Parser.swift in Sources */ = {isa = PBXBuildFile; fileRef = 3F2E2FC6220B20BC00AD7C65 /* Parser.swift */; };
		3F2E2FC9220B20DC00AD7C65 /* DataNetworkRequestService.swift in Sources */ = {isa = PBXBuildFile; fileRef = 3F2E2FC8220B20DC00AD7C65 /* DataNetworkRequestService.swift */; };
		3F2E2FCB220B22CF00AD7C65 /* Double+Extensions.swift in Sources */ = {isa = PBXBuildFile; fileRef = 3F2E2FCA220B22CF00AD7C65 /* Double+Extensions.swift */; };
		3F303C972211C0E300FCB031 /* NetworkStateable.swift in Sources */ = {isa = PBXBuildFile; fileRef = 3F303C962211C0E300FCB031 /* NetworkStateable.swift */; };
		3F4EF7392209ABFE00BC94DE /* DateFormatter+Extensions.swift in Sources */ = {isa = PBXBuildFile; fileRef = 3F4EF7382209ABFE00BC94DE /* DateFormatter+Extensions.swift */; };
		3F4EF73B2209AC4A00BC94DE /* Date+Extension.swift in Sources */ = {isa = PBXBuildFile; fileRef = 3F4EF73A2209AC4A00BC94DE /* Date+Extension.swift */; };
		3F5D611E21E7371A003603F1 /* AppDelegate.swift in Sources */ = {isa = PBXBuildFile; fileRef = 3F5D611D21E7371A003603F1 /* AppDelegate.swift */; };
		3F5D612521E7371B003603F1 /* Assets.xcassets in Resources */ = {isa = PBXBuildFile; fileRef = 3F5D612421E7371B003603F1 /* Assets.xcassets */; };
		3F5D612821E7371B003603F1 /* LaunchScreen.storyboard in Resources */ = {isa = PBXBuildFile; fileRef = 3F5D612621E7371B003603F1 /* LaunchScreen.storyboard */; };
		3F5D613321E7371C003603F1 /* WeatherAPITests.swift in Sources */ = {isa = PBXBuildFile; fileRef = 3F5D613221E7371C003603F1 /* WeatherAPITests.swift */; };
		3F5D613E21E7371C003603F1 /* WeatherAPIUITests.swift in Sources */ = {isa = PBXBuildFile; fileRef = 3F5D613D21E7371C003603F1 /* WeatherAPIUITests.swift */; };
		3F5D615121E737C1003603F1 /* WeatherView.swift in Sources */ = {isa = PBXBuildFile; fileRef = 3F5D615021E737C1003603F1 /* WeatherView.swift */; };
		3F5D61D021E73B9E003603F1 /* ObservableObject.Observers.swift in Sources */ = {isa = PBXBuildFile; fileRef = 3F5D61BA21E73B9E003603F1 /* ObservableObject.Observers.swift */; };
		3F5D61D121E73B9E003603F1 /* Generator.swift in Sources */ = {isa = PBXBuildFile; fileRef = 3F5D61BB21E73B9E003603F1 /* Generator.swift */; };
		3F5D61D221E73B9E003603F1 /* ObservableObject.swift in Sources */ = {isa = PBXBuildFile; fileRef = 3F5D61BC21E73B9E003603F1 /* ObservableObject.swift */; };
		3F5D61D321E73B9E003603F1 /* AbstractCancellableProperty.swift in Sources */ = {isa = PBXBuildFile; fileRef = 3F5D61BD21E73B9E003603F1 /* AbstractCancellableProperty.swift */; };
		3F5D61D421E73B9E003603F1 /* ObservableObject.Observer.swift in Sources */ = {isa = PBXBuildFile; fileRef = 3F5D61BE21E73B9E003603F1 /* ObservableObject.Observer.swift */; };
		3F5D61D521E73B9E003603F1 /* F.swift in Sources */ = {isa = PBXBuildFile; fileRef = 3F5D61BF21E73B9E003603F1 /* F.swift */; };
		3F5D61D621E73B9E003603F1 /* Queue.swift in Sources */ = {isa = PBXBuildFile; fileRef = 3F5D61C021E73B9E003603F1 /* Queue.swift */; };
		3F5D61D721E73B9E003603F1 /* Atomic.swift in Sources */ = {isa = PBXBuildFile; fileRef = 3F5D61C121E73B9E003603F1 /* Atomic.swift */; };
		3F5D61D821E73B9E003603F1 /* RootViewRepresentable.swift in Sources */ = {isa = PBXBuildFile; fileRef = 3F5D61C321E73B9E003603F1 /* RootViewRepresentable.swift */; };
		3F5D61D921E73B9E003603F1 /* CGRect+Extensions.swift in Sources */ = {isa = PBXBuildFile; fileRef = 3F5D61C621E73B9E003603F1 /* CGRect+Extensions.swift */; };
		3F5D61DA21E73B9E003603F1 /* DispatchQueue+Extensions.swift in Sources */ = {isa = PBXBuildFile; fileRef = 3F5D61C821E73B9E003603F1 /* DispatchQueue+Extensions.swift */; };
		3F5D61DB21E73B9E003603F1 /* Optional+Extension.swift in Sources */ = {isa = PBXBuildFile; fileRef = 3F5D61C921E73B9E003603F1 /* Optional+Extension.swift */; };
		3F5D61DC21E73B9E003603F1 /* NSLocking+Extension.swift in Sources */ = {isa = PBXBuildFile; fileRef = 3F5D61CA21E73B9E003603F1 /* NSLocking+Extension.swift */; };
		3F5D61DD21E73B9E003603F1 /* DispatchTime+Extensions.swift in Sources */ = {isa = PBXBuildFile; fileRef = 3F5D61CB21E73B9E003603F1 /* DispatchTime+Extensions.swift */; };
		3F5D61DE21E73B9E003603F1 /* RangeReplaceableCollection+Extensions.swift in Sources */ = {isa = PBXBuildFile; fileRef = 3F5D61CC21E73B9E003603F1 /* RangeReplaceableCollection+Extensions.swift */; };
		3F5D61DF21E73B9E003603F1 /* Strideable+Extensions.swift in Sources */ = {isa = PBXBuildFile; fileRef = 3F5D61CD21E73B9E003603F1 /* Strideable+Extensions.swift */; };
		3F5D61E021E73B9E003603F1 /* Cancellable.swift in Sources */ = {isa = PBXBuildFile; fileRef = 3F5D61CF21E73B9E003603F1 /* Cancellable.swift */; };
		3F5D61E521E73F12003603F1 /* WeatherViewController.swift in Sources */ = {isa = PBXBuildFile; fileRef = 3F5D61E321E73F12003603F1 /* WeatherViewController.swift */; };
		3F5D61E621E73F12003603F1 /* WeatherViewController.xib in Resources */ = {isa = PBXBuildFile; fileRef = 3F5D61E421E73F12003603F1 /* WeatherViewController.xib */; };
		3F5D61EB21E75B38003603F1 /* CountriesViewController.swift in Sources */ = {isa = PBXBuildFile; fileRef = 3F5D61E921E75B38003603F1 /* CountriesViewController.swift */; };
		3F5D61EC21E75B38003603F1 /* CountriesViewController.xib in Resources */ = {isa = PBXBuildFile; fileRef = 3F5D61EA21E75B38003603F1 /* CountriesViewController.xib */; };
		3F5D61EE21E75B57003603F1 /* CountriesView.swift in Sources */ = {isa = PBXBuildFile; fileRef = 3F5D61ED21E75B57003603F1 /* CountriesView.swift */; };
		3F777F0721EC83710069135B /* UIColor+Extensions.swift in Sources */ = {isa = PBXBuildFile; fileRef = 3F777F0621EC83710069135B /* UIColor+Extensions.swift */; };
		3F777F0A21EC83E40069135B /* ColorRepresentable.swift in Sources */ = {isa = PBXBuildFile; fileRef = 3F777F0921EC83E40069135B /* ColorRepresentable.swift */; };
		3F777F0C21EC840C0069135B /* Color.swift in Sources */ = {isa = PBXBuildFile; fileRef = 3F777F0B21EC840C0069135B /* Color.swift */; };
		3F90CA82220066BB009C7256 /* ObservableWrapper.swift in Sources */ = {isa = PBXBuildFile; fileRef = 3F90CA81220066BB009C7256 /* ObservableWrapper.swift */; };
		3F90CA84220066E2009C7256 /* Countries.swift in Sources */ = {isa = PBXBuildFile; fileRef = 3F90CA83220066E2009C7256 /* Countries.swift */; };
		3FAFE60B21FB3981000CE31E /* CountriesViewCell.xib in Resources */ = {isa = PBXBuildFile; fileRef = 3FAFE60921FB3981000CE31E /* CountriesViewCell.xib */; };
		3FAFE60C21FB3981000CE31E /* CountriesViewCell.swift in Sources */ = {isa = PBXBuildFile; fileRef = 3FAFE60A21FB3981000CE31E /* CountriesViewCell.swift */; };
		3FBBB1D221F9BABA00BA49F2 /* Weather.swift in Sources */ = {isa = PBXBuildFile; fileRef = 3FBBB1D121F9BABA00BA49F2 /* Weather.swift */; };
		3FBBB1D421F9BAC300BA49F2 /* Country.swift in Sources */ = {isa = PBXBuildFile; fileRef = 3FBBB1D321F9BAC300BA49F2 /* Country.swift */; };
		3FE79C9621EF305100E253CD /* TableViewCell.swift in Sources */ = {isa = PBXBuildFile; fileRef = 3FE79C9521EF305100E253CD /* TableViewCell.swift */; };
		3FE79C9821EF308000E253CD /* UINib+Extensions.swift in Sources */ = {isa = PBXBuildFile; fileRef = 3FE79C9721EF308000E253CD /* UINib+Extensions.swift */; };
		3FE79C9A21EF309F00E253CD /* UITableViewCell.swift in Sources */ = {isa = PBXBuildFile; fileRef = 3FE79C9921EF309F00E253CD /* UITableViewCell.swift */; };
		4BCFD6658EFB817BB1A38F76 /* Pods_WeatherAPITests.framework in Frameworks */ = {isa = PBXBuildFile; fileRef = A1CC47D6AE71F4A43B1DFD31 /* Pods_WeatherAPITests.framework */; };
		AE5168842524FAC271EAF5A8 /* Pods_WeatherAPIUITests.framework in Frameworks */ = {isa = PBXBuildFile; fileRef = 093504EAF0EA32F9669F7E06 /* Pods_WeatherAPIUITests.framework */; };
		F56B781C02BDE1FEEEC6B3B2 /* Pods_WeatherAPI.framework in Frameworks */ = {isa = PBXBuildFile; fileRef = E996559D683B3C5D0E1E7DB5 /* Pods_WeatherAPI.framework */; };
/* End PBXBuildFile section */

/* Begin PBXContainerItemProxy section */
		3F5D612F21E7371B003603F1 /* PBXContainerItemProxy */ = {
			isa = PBXContainerItemProxy;
			containerPortal = 3F5D611221E7371A003603F1 /* Project object */;
			proxyType = 1;
			remoteGlobalIDString = 3F5D611921E7371A003603F1;
			remoteInfo = WeatherAPI;
		};
		3F5D613A21E7371C003603F1 /* PBXContainerItemProxy */ = {
			isa = PBXContainerItemProxy;
			containerPortal = 3F5D611221E7371A003603F1 /* Project object */;
			proxyType = 1;
			remoteGlobalIDString = 3F5D611921E7371A003603F1;
			remoteInfo = WeatherAPI;
		};
/* End PBXContainerItemProxy section */

/* Begin PBXFileReference section */
		093504EAF0EA32F9669F7E06 /* Pods_WeatherAPIUITests.framework */ = {isa = PBXFileReference; explicitFileType = wrapper.framework; includeInIndex = 0; path = Pods_WeatherAPIUITests.framework; sourceTree = BUILT_PRODUCTS_DIR; };
		183E0BC67EA5EFB62BC12CD4 /* Pods-WeatherAPITests.release.xcconfig */ = {isa = PBXFileReference; includeInIndex = 1; lastKnownFileType = text.xcconfig; name = "Pods-WeatherAPITests.release.xcconfig"; path = "Target Support Files/Pods-WeatherAPITests/Pods-WeatherAPITests.release.xcconfig"; sourceTree = "<group>"; };
		3F0625C1221430E100D697A3 /* DataNetworkRequestServiceType.swift */ = {isa = PBXFileReference; lastKnownFileType = sourcecode.swift; path = DataNetworkRequestServiceType.swift; sourceTree = "<group>"; };
		3F20D8172212B6B1003F6981 /* Result.swift */ = {isa = PBXFileReference; lastKnownFileType = sourcecode.swift; path = Result.swift; sourceTree = "<group>"; };
		3F20D81A2212C099003F6981 /* PrecedenceGroups.swift */ = {isa = PBXFileReference; lastKnownFileType = sourcecode.swift; path = PrecedenceGroups.swift; sourceTree = "<group>"; };
		3F20D81C2212C11D003F6981 /* Operators.swift */ = {isa = PBXFileReference; lastKnownFileType = sourcecode.swift; path = Operators.swift; sourceTree = "<group>"; };
		3F20D81E221301E7003F6981 /* NetworkTask.swift */ = {isa = PBXFileReference; lastKnownFileType = sourcecode.swift; path = NetworkTask.swift; sourceTree = "<group>"; };
		3F20D820221302C3003F6981 /* DataNetworkRequestServiceMock.swift */ = {isa = PBXFileReference; lastKnownFileType = sourcecode.swift; path = DataNetworkRequestServiceMock.swift; sourceTree = "<group>"; };
		3F20D8222213089F003F6981 /* NetworkTask+Failed.swift */ = {isa = PBXFileReference; lastKnownFileType = sourcecode.swift; path = "NetworkTask+Failed.swift"; sourceTree = "<group>"; };
		3F2E2FBB220B1DEC00AD7C65 /* CountriesNetworkService.swift */ = {isa = PBXFileReference; lastKnownFileType = sourcecode.swift; path = CountriesNetworkService.swift; sourceTree = "<group>"; };
		3F2E2FBD220B1E0800AD7C65 /* WeatherNetworkService.swift */ = {isa = PBXFileReference; lastKnownFileType = sourcecode.swift; path = WeatherNetworkService.swift; sourceTree = "<group>"; };
		3F2E2FC1220B1FF400AD7C65 /* WeatherJson.swift */ = {isa = PBXFileReference; lastKnownFileType = sourcecode.swift; path = WeatherJson.swift; sourceTree = "<group>"; };
		3F2E2FC3220B200100AD7C65 /* CountryJson.swift */ = {isa = PBXFileReference; lastKnownFileType = sourcecode.swift; path = CountryJson.swift; sourceTree = "<group>"; };
		3F2E2FC6220B20BC00AD7C65 /* Parser.swift */ = {isa = PBXFileReference; lastKnownFileType = sourcecode.swift; path = Parser.swift; sourceTree = "<group>"; };
		3F2E2FC8220B20DC00AD7C65 /* DataNetworkRequestService.swift */ = {isa = PBXFileReference; lastKnownFileType = sourcecode.swift; path = DataNetworkRequestService.swift; sourceTree = "<group>"; };
		3F2E2FCA220B22CF00AD7C65 /* Double+Extensions.swift */ = {isa = PBXFileReference; lastKnownFileType = sourcecode.swift; path = "Double+Extensions.swift"; sourceTree = "<group>"; };
		3F303C962211C0E300FCB031 /* NetworkStateable.swift */ = {isa = PBXFileReference; lastKnownFileType = sourcecode.swift; path = NetworkStateable.swift; sourceTree = "<group>"; };
		3F4EF7382209ABFE00BC94DE /* DateFormatter+Extensions.swift */ = {isa = PBXFileReference; lastKnownFileType = sourcecode.swift; path = "DateFormatter+Extensions.swift"; sourceTree = "<group>"; };
		3F4EF73A2209AC4A00BC94DE /* Date+Extension.swift */ = {isa = PBXFileReference; lastKnownFileType = sourcecode.swift; path = "Date+Extension.swift"; sourceTree = "<group>"; };
		3F5D611A21E7371A003603F1 /* WeatherAPI.app */ = {isa = PBXFileReference; explicitFileType = wrapper.application; includeInIndex = 0; path = WeatherAPI.app; sourceTree = BUILT_PRODUCTS_DIR; };
		3F5D611D21E7371A003603F1 /* AppDelegate.swift */ = {isa = PBXFileReference; lastKnownFileType = sourcecode.swift; path = AppDelegate.swift; sourceTree = "<group>"; };
		3F5D612421E7371B003603F1 /* Assets.xcassets */ = {isa = PBXFileReference; lastKnownFileType = folder.assetcatalog; path = Assets.xcassets; sourceTree = "<group>"; };
		3F5D612721E7371B003603F1 /* Base */ = {isa = PBXFileReference; lastKnownFileType = file.storyboard; name = Base; path = Base.lproj/LaunchScreen.storyboard; sourceTree = "<group>"; };
		3F5D612921E7371B003603F1 /* Info.plist */ = {isa = PBXFileReference; lastKnownFileType = text.plist.xml; path = Info.plist; sourceTree = "<group>"; };
		3F5D612E21E7371B003603F1 /* WeatherAPITests.xctest */ = {isa = PBXFileReference; explicitFileType = wrapper.cfbundle; includeInIndex = 0; path = WeatherAPITests.xctest; sourceTree = BUILT_PRODUCTS_DIR; };
		3F5D613221E7371C003603F1 /* WeatherAPITests.swift */ = {isa = PBXFileReference; lastKnownFileType = sourcecode.swift; path = WeatherAPITests.swift; sourceTree = "<group>"; };
		3F5D613421E7371C003603F1 /* Info.plist */ = {isa = PBXFileReference; lastKnownFileType = text.plist.xml; path = Info.plist; sourceTree = "<group>"; };
		3F5D613921E7371C003603F1 /* WeatherAPIUITests.xctest */ = {isa = PBXFileReference; explicitFileType = wrapper.cfbundle; includeInIndex = 0; path = WeatherAPIUITests.xctest; sourceTree = BUILT_PRODUCTS_DIR; };
		3F5D613D21E7371C003603F1 /* WeatherAPIUITests.swift */ = {isa = PBXFileReference; lastKnownFileType = sourcecode.swift; path = WeatherAPIUITests.swift; sourceTree = "<group>"; };
		3F5D613F21E7371C003603F1 /* Info.plist */ = {isa = PBXFileReference; lastKnownFileType = text.plist.xml; path = Info.plist; sourceTree = "<group>"; };
		3F5D615021E737C1003603F1 /* WeatherView.swift */ = {isa = PBXFileReference; lastKnownFileType = sourcecode.swift; path = WeatherView.swift; sourceTree = "<group>"; };
		3F5D61BA21E73B9E003603F1 /* ObservableObject.Observers.swift */ = {isa = PBXFileReference; fileEncoding = 4; lastKnownFileType = sourcecode.swift; path = ObservableObject.Observers.swift; sourceTree = "<group>"; };
		3F5D61BB21E73B9E003603F1 /* Generator.swift */ = {isa = PBXFileReference; fileEncoding = 4; lastKnownFileType = sourcecode.swift; path = Generator.swift; sourceTree = "<group>"; };
		3F5D61BC21E73B9E003603F1 /* ObservableObject.swift */ = {isa = PBXFileReference; fileEncoding = 4; lastKnownFileType = sourcecode.swift; path = ObservableObject.swift; sourceTree = "<group>"; };
		3F5D61BD21E73B9E003603F1 /* AbstractCancellableProperty.swift */ = {isa = PBXFileReference; fileEncoding = 4; lastKnownFileType = sourcecode.swift; path = AbstractCancellableProperty.swift; sourceTree = "<group>"; };
		3F5D61BE21E73B9E003603F1 /* ObservableObject.Observer.swift */ = {isa = PBXFileReference; fileEncoding = 4; lastKnownFileType = sourcecode.swift; path = ObservableObject.Observer.swift; sourceTree = "<group>"; };
		3F5D61BF21E73B9E003603F1 /* F.swift */ = {isa = PBXFileReference; fileEncoding = 4; lastKnownFileType = sourcecode.swift; path = F.swift; sourceTree = "<group>"; };
		3F5D61C021E73B9E003603F1 /* Queue.swift */ = {isa = PBXFileReference; fileEncoding = 4; lastKnownFileType = sourcecode.swift; path = Queue.swift; sourceTree = "<group>"; };
		3F5D61C121E73B9E003603F1 /* Atomic.swift */ = {isa = PBXFileReference; fileEncoding = 4; lastKnownFileType = sourcecode.swift; path = Atomic.swift; sourceTree = "<group>"; };
		3F5D61C321E73B9E003603F1 /* RootViewRepresentable.swift */ = {isa = PBXFileReference; fileEncoding = 4; lastKnownFileType = sourcecode.swift; path = RootViewRepresentable.swift; sourceTree = "<group>"; };
		3F5D61C621E73B9E003603F1 /* CGRect+Extensions.swift */ = {isa = PBXFileReference; fileEncoding = 4; lastKnownFileType = sourcecode.swift; path = "CGRect+Extensions.swift"; sourceTree = "<group>"; };
		3F5D61C821E73B9E003603F1 /* DispatchQueue+Extensions.swift */ = {isa = PBXFileReference; fileEncoding = 4; lastKnownFileType = sourcecode.swift; path = "DispatchQueue+Extensions.swift"; sourceTree = "<group>"; };
		3F5D61C921E73B9E003603F1 /* Optional+Extension.swift */ = {isa = PBXFileReference; fileEncoding = 4; lastKnownFileType = sourcecode.swift; path = "Optional+Extension.swift"; sourceTree = "<group>"; };
		3F5D61CA21E73B9E003603F1 /* NSLocking+Extension.swift */ = {isa = PBXFileReference; fileEncoding = 4; lastKnownFileType = sourcecode.swift; path = "NSLocking+Extension.swift"; sourceTree = "<group>"; };
		3F5D61CB21E73B9E003603F1 /* DispatchTime+Extensions.swift */ = {isa = PBXFileReference; fileEncoding = 4; lastKnownFileType = sourcecode.swift; path = "DispatchTime+Extensions.swift"; sourceTree = "<group>"; };
		3F5D61CC21E73B9E003603F1 /* RangeReplaceableCollection+Extensions.swift */ = {isa = PBXFileReference; fileEncoding = 4; lastKnownFileType = sourcecode.swift; path = "RangeReplaceableCollection+Extensions.swift"; sourceTree = "<group>"; };
		3F5D61CD21E73B9E003603F1 /* Strideable+Extensions.swift */ = {isa = PBXFileReference; fileEncoding = 4; lastKnownFileType = sourcecode.swift; path = "Strideable+Extensions.swift"; sourceTree = "<group>"; };
		3F5D61CF21E73B9E003603F1 /* Cancellable.swift */ = {isa = PBXFileReference; fileEncoding = 4; lastKnownFileType = sourcecode.swift; path = Cancellable.swift; sourceTree = "<group>"; };
		3F5D61E321E73F12003603F1 /* WeatherViewController.swift */ = {isa = PBXFileReference; lastKnownFileType = sourcecode.swift; path = WeatherViewController.swift; sourceTree = "<group>"; };
		3F5D61E421E73F12003603F1 /* WeatherViewController.xib */ = {isa = PBXFileReference; lastKnownFileType = file.xib; path = WeatherViewController.xib; sourceTree = "<group>"; };
		3F5D61E921E75B38003603F1 /* CountriesViewController.swift */ = {isa = PBXFileReference; lastKnownFileType = sourcecode.swift; path = CountriesViewController.swift; sourceTree = "<group>"; };
		3F5D61EA21E75B38003603F1 /* CountriesViewController.xib */ = {isa = PBXFileReference; lastKnownFileType = file.xib; path = CountriesViewController.xib; sourceTree = "<group>"; };
		3F5D61ED21E75B57003603F1 /* CountriesView.swift */ = {isa = PBXFileReference; lastKnownFileType = sourcecode.swift; path = CountriesView.swift; sourceTree = "<group>"; };
		3F777F0621EC83710069135B /* UIColor+Extensions.swift */ = {isa = PBXFileReference; lastKnownFileType = sourcecode.swift; path = "UIColor+Extensions.swift"; sourceTree = "<group>"; };
		3F777F0921EC83E40069135B /* ColorRepresentable.swift */ = {isa = PBXFileReference; lastKnownFileType = sourcecode.swift; path = ColorRepresentable.swift; sourceTree = "<group>"; };
		3F777F0B21EC840C0069135B /* Color.swift */ = {isa = PBXFileReference; lastKnownFileType = sourcecode.swift; path = Color.swift; sourceTree = "<group>"; };
		3F90CA81220066BB009C7256 /* ObservableWrapper.swift */ = {isa = PBXFileReference; lastKnownFileType = sourcecode.swift; path = ObservableWrapper.swift; sourceTree = "<group>"; };
		3F90CA83220066E2009C7256 /* Countries.swift */ = {isa = PBXFileReference; lastKnownFileType = sourcecode.swift; path = Countries.swift; sourceTree = "<group>"; };
		3FAFE60921FB3981000CE31E /* CountriesViewCell.xib */ = {isa = PBXFileReference; fileEncoding = 4; lastKnownFileType = file.xib; path = CountriesViewCell.xib; sourceTree = "<group>"; };
		3FAFE60A21FB3981000CE31E /* CountriesViewCell.swift */ = {isa = PBXFileReference; fileEncoding = 4; lastKnownFileType = sourcecode.swift; path = CountriesViewCell.swift; sourceTree = "<group>"; };
		3FBBB1D121F9BABA00BA49F2 /* Weather.swift */ = {isa = PBXFileReference; lastKnownFileType = sourcecode.swift; path = Weather.swift; sourceTree = "<group>"; };
		3FBBB1D321F9BAC300BA49F2 /* Country.swift */ = {isa = PBXFileReference; lastKnownFileType = sourcecode.swift; path = Country.swift; sourceTree = "<group>"; };
		3FE79C9521EF305100E253CD /* TableViewCell.swift */ = {isa = PBXFileReference; lastKnownFileType = sourcecode.swift; path = TableViewCell.swift; sourceTree = "<group>"; };
		3FE79C9721EF308000E253CD /* UINib+Extensions.swift */ = {isa = PBXFileReference; lastKnownFileType = sourcecode.swift; path = "UINib+Extensions.swift"; sourceTree = "<group>"; };
		3FE79C9921EF309F00E253CD /* UITableViewCell.swift */ = {isa = PBXFileReference; lastKnownFileType = sourcecode.swift; path = UITableViewCell.swift; sourceTree = "<group>"; };
		8224DFC84E9123C65D29F506 /* Pods-WeatherAPI.debug.xcconfig */ = {isa = PBXFileReference; includeInIndex = 1; lastKnownFileType = text.xcconfig; name = "Pods-WeatherAPI.debug.xcconfig"; path = "Target Support Files/Pods-WeatherAPI/Pods-WeatherAPI.debug.xcconfig"; sourceTree = "<group>"; };
		8B692C4E3154FAC12DCD287F /* Pods-WeatherAPI.release.xcconfig */ = {isa = PBXFileReference; includeInIndex = 1; lastKnownFileType = text.xcconfig; name = "Pods-WeatherAPI.release.xcconfig"; path = "Target Support Files/Pods-WeatherAPI/Pods-WeatherAPI.release.xcconfig"; sourceTree = "<group>"; };
		9AFCCCCB5E442B68642F3ADA /* Pods-WeatherAPIUITests.release.xcconfig */ = {isa = PBXFileReference; includeInIndex = 1; lastKnownFileType = text.xcconfig; name = "Pods-WeatherAPIUITests.release.xcconfig"; path = "Target Support Files/Pods-WeatherAPIUITests/Pods-WeatherAPIUITests.release.xcconfig"; sourceTree = "<group>"; };
		A1CC47D6AE71F4A43B1DFD31 /* Pods_WeatherAPITests.framework */ = {isa = PBXFileReference; explicitFileType = wrapper.framework; includeInIndex = 0; path = Pods_WeatherAPITests.framework; sourceTree = BUILT_PRODUCTS_DIR; };
		CFAE580157D064931FD3D680 /* Pods-WeatherAPITests.debug.xcconfig */ = {isa = PBXFileReference; includeInIndex = 1; lastKnownFileType = text.xcconfig; name = "Pods-WeatherAPITests.debug.xcconfig"; path = "Target Support Files/Pods-WeatherAPITests/Pods-WeatherAPITests.debug.xcconfig"; sourceTree = "<group>"; };
		DA2BFB5E478027B23B9D3D7E /* Pods-WeatherAPIUITests.debug.xcconfig */ = {isa = PBXFileReference; includeInIndex = 1; lastKnownFileType = text.xcconfig; name = "Pods-WeatherAPIUITests.debug.xcconfig"; path = "Target Support Files/Pods-WeatherAPIUITests/Pods-WeatherAPIUITests.debug.xcconfig"; sourceTree = "<group>"; };
		E996559D683B3C5D0E1E7DB5 /* Pods_WeatherAPI.framework */ = {isa = PBXFileReference; explicitFileType = wrapper.framework; includeInIndex = 0; path = Pods_WeatherAPI.framework; sourceTree = BUILT_PRODUCTS_DIR; };
/* End PBXFileReference section */

/* Begin PBXFrameworksBuildPhase section */
		3F5D611721E7371A003603F1 /* Frameworks */ = {
			isa = PBXFrameworksBuildPhase;
			buildActionMask = 2147483647;
			files = (
				F56B781C02BDE1FEEEC6B3B2 /* Pods_WeatherAPI.framework in Frameworks */,
			);
			runOnlyForDeploymentPostprocessing = 0;
		};
		3F5D612B21E7371B003603F1 /* Frameworks */ = {
			isa = PBXFrameworksBuildPhase;
			buildActionMask = 2147483647;
			files = (
				4BCFD6658EFB817BB1A38F76 /* Pods_WeatherAPITests.framework in Frameworks */,
			);
			runOnlyForDeploymentPostprocessing = 0;
		};
		3F5D613621E7371C003603F1 /* Frameworks */ = {
			isa = PBXFrameworksBuildPhase;
			buildActionMask = 2147483647;
			files = (
				AE5168842524FAC271EAF5A8 /* Pods_WeatherAPIUITests.framework in Frameworks */,
			);
			runOnlyForDeploymentPostprocessing = 0;
		};
/* End PBXFrameworksBuildPhase section */

/* Begin PBXGroup section */
		17190405A0939FA5CC3133B1 /* Frameworks */ = {
			isa = PBXGroup;
			children = (
				E996559D683B3C5D0E1E7DB5 /* Pods_WeatherAPI.framework */,
				A1CC47D6AE71F4A43B1DFD31 /* Pods_WeatherAPITests.framework */,
				093504EAF0EA32F9669F7E06 /* Pods_WeatherAPIUITests.framework */,
			);
			name = Frameworks;
			sourceTree = "<group>";
		};
		3F0625C32214330100D697A3 /* NetworkService */ = {
			isa = PBXGroup;
			children = (
				3F20D8222213089F003F6981 /* NetworkTask+Failed.swift */,
			);
			path = NetworkService;
			sourceTree = "<group>";
		};
		3F2E2FB9220B1B8D00AD7C65 /* NetworkServices */ = {
			isa = PBXGroup;
			children = (
				3F2E2FBB220B1DEC00AD7C65 /* CountriesNetworkService.swift */,
				3F2E2FBD220B1E0800AD7C65 /* WeatherNetworkService.swift */,
				3F2E2FC8220B20DC00AD7C65 /* DataNetworkRequestService.swift */,
				3F20D820221302C3003F6981 /* DataNetworkRequestServiceMock.swift */,
				3F2E2FC6220B20BC00AD7C65 /* Parser.swift */,
				3F20D81E221301E7003F6981 /* NetworkTask.swift */,
			);
			path = NetworkServices;
			sourceTree = "<group>";
		};
		3F2E2FBA220B1DBF00AD7C65 /* Views */ = {
			isa = PBXGroup;
			children = (
				3FE79C9521EF305100E253CD /* TableViewCell.swift */,
			);
			path = Views;
			sourceTree = "<group>";
		};
		3F2E2FC0220B1FDD00AD7C65 /* Jsons */ = {
			isa = PBXGroup;
			children = (
				3F2E2FC1220B1FF400AD7C65 /* WeatherJson.swift */,
				3F2E2FC3220B200100AD7C65 /* CountryJson.swift */,
			);
			path = Jsons;
			sourceTree = "<group>";
		};
		3F2E2FC5220B206100AD7C65 /* Private */ = {
			isa = PBXGroup;
			children = (
				3FAFE60A21FB3981000CE31E /* CountriesViewCell.swift */,
				3FAFE60921FB3981000CE31E /* CountriesViewCell.xib */,
			);
			path = Private;
			sourceTree = "<group>";
		};
		3F5D611121E7371A003603F1 = {
			isa = PBXGroup;
			children = (
				3F5D611C21E7371A003603F1 /* WeatherAPI */,
				3F5D613121E7371B003603F1 /* WeatherAPITests */,
				3F5D613C21E7371C003603F1 /* WeatherAPIUITests */,
				3F5D611B21E7371A003603F1 /* Products */,
				7B060431566C58A36CE64A98 /* Pods */,
				17190405A0939FA5CC3133B1 /* Frameworks */,
			);
			sourceTree = "<group>";
		};
		3F5D611B21E7371A003603F1 /* Products */ = {
			isa = PBXGroup;
			children = (
				3F5D611A21E7371A003603F1 /* WeatherAPI.app */,
				3F5D612E21E7371B003603F1 /* WeatherAPITests.xctest */,
				3F5D613921E7371C003603F1 /* WeatherAPIUITests.xctest */,
			);
			name = Products;
			sourceTree = "<group>";
		};
		3F5D611C21E7371A003603F1 /* WeatherAPI */ = {
			isa = PBXGroup;
			children = (
				3F5D61B821E73B9E003603F1 /* Lib */,
				3F2E2FB9220B1B8D00AD7C65 /* NetworkServices */,
				3F777F0D21ECA6FF0069135B /* Models */,
				3F5D614B21E7377D003603F1 /* Ui */,
				3F5D611D21E7371A003603F1 /* AppDelegate.swift */,
				3F5D612421E7371B003603F1 /* Assets.xcassets */,
				3F5D612621E7371B003603F1 /* LaunchScreen.storyboard */,
				3F5D612921E7371B003603F1 /* Info.plist */,
			);
			path = WeatherAPI;
			sourceTree = "<group>";
		};
		3F5D613121E7371B003603F1 /* WeatherAPITests */ = {
			isa = PBXGroup;
			children = (
				3F5D613221E7371C003603F1 /* WeatherAPITests.swift */,
				3F5D613421E7371C003603F1 /* Info.plist */,
			);
			path = WeatherAPITests;
			sourceTree = "<group>";
		};
		3F5D613C21E7371C003603F1 /* WeatherAPIUITests */ = {
			isa = PBXGroup;
			children = (
				3F5D613D21E7371C003603F1 /* WeatherAPIUITests.swift */,
				3F5D613F21E7371C003603F1 /* Info.plist */,
			);
			path = WeatherAPIUITests;
			sourceTree = "<group>";
		};
		3F5D614B21E7377D003603F1 /* Ui */ = {
			isa = PBXGroup;
			children = (
				3F2E2FBA220B1DBF00AD7C65 /* Views */,
				3F5D61E821E75B16003603F1 /* CountriesViewController */,
				3F5D61E721E75B05003603F1 /* WeatherViewController */,
			);
			path = Ui;
			sourceTree = "<group>";
		};
		3F5D61B821E73B9E003603F1 /* Lib */ = {
			isa = PBXGroup;
			children = (
				3F5D61B921E73B9E003603F1 /* Types */,
				3F5D61C221E73B9E003603F1 /* Mixin */,
				3F5D61C421E73B9E003603F1 /* Extensions */,
				3F5D61CE21E73B9E003603F1 /* Protocols */,
			);
			path = Lib;
			sourceTree = "<group>";
		};
		3F5D61B921E73B9E003603F1 /* Types */ = {
			isa = PBXGroup;
			children = (
				3F5D61BF21E73B9E003603F1 /* F.swift */,
				3F20D81A2212C099003F6981 /* PrecedenceGroups.swift */,
				3F20D81C2212C11D003F6981 /* Operators.swift */,
				3F20D8172212B6B1003F6981 /* Result.swift */,
				3F5D61BB21E73B9E003603F1 /* Generator.swift */,
				3F5D61BD21E73B9E003603F1 /* AbstractCancellableProperty.swift */,
				3F5D61C021E73B9E003603F1 /* Queue.swift */,
				3F5D61C121E73B9E003603F1 /* Atomic.swift */,
				3F777F0B21EC840C0069135B /* Color.swift */,
				3F5D61BA21E73B9E003603F1 /* ObservableObject.Observers.swift */,
				3F5D61BC21E73B9E003603F1 /* ObservableObject.swift */,
				3F5D61BE21E73B9E003603F1 /* ObservableObject.Observer.swift */,
				3F90CA81220066BB009C7256 /* ObservableWrapper.swift */,
			);
			path = Types;
			sourceTree = "<group>";
		};
		3F5D61C221E73B9E003603F1 /* Mixin */ = {
			isa = PBXGroup;
			children = (
				3F5D61C321E73B9E003603F1 /* RootViewRepresentable.swift */,
				3F777F0921EC83E40069135B /* ColorRepresentable.swift */,
			);
			path = Mixin;
			sourceTree = "<group>";
		};
		3F5D61C421E73B9E003603F1 /* Extensions */ = {
			isa = PBXGroup;
			children = (
				3F0625C32214330100D697A3 /* NetworkService */,
				3F777F0821EC83B70069135B /* UIKit */,
				3F5D61C521E73B9E003603F1 /* CoreGraphics */,
				3F5D61C721E73B9E003603F1 /* Foundation */,
			);
			path = Extensions;
			sourceTree = "<group>";
		};
		3F5D61C521E73B9E003603F1 /* CoreGraphics */ = {
			isa = PBXGroup;
			children = (
				3F5D61C621E73B9E003603F1 /* CGRect+Extensions.swift */,
			);
			path = CoreGraphics;
			sourceTree = "<group>";
		};
		3F5D61C721E73B9E003603F1 /* Foundation */ = {
			isa = PBXGroup;
			children = (
				3F5D61C821E73B9E003603F1 /* DispatchQueue+Extensions.swift */,
				3F5D61C921E73B9E003603F1 /* Optional+Extension.swift */,
				3F5D61CA21E73B9E003603F1 /* NSLocking+Extension.swift */,
				3F5D61CB21E73B9E003603F1 /* DispatchTime+Extensions.swift */,
				3F5D61CC21E73B9E003603F1 /* RangeReplaceableCollection+Extensions.swift */,
				3F5D61CD21E73B9E003603F1 /* Strideable+Extensions.swift */,
				3F4EF7382209ABFE00BC94DE /* DateFormatter+Extensions.swift */,
				3F4EF73A2209AC4A00BC94DE /* Date+Extension.swift */,
				3F2E2FCA220B22CF00AD7C65 /* Double+Extensions.swift */,
			);
			path = Foundation;
			sourceTree = "<group>";
		};
		3F5D61CE21E73B9E003603F1 /* Protocols */ = {
			isa = PBXGroup;
			children = (
				3F5D61CF21E73B9E003603F1 /* Cancellable.swift */,
				3F303C962211C0E300FCB031 /* NetworkStateable.swift */,
				3F0625C1221430E100D697A3 /* DataNetworkRequestServiceType.swift */,
			);
			path = Protocols;
			sourceTree = "<group>";
		};
		3F5D61E721E75B05003603F1 /* WeatherViewController */ = {
			isa = PBXGroup;
			children = (
				3F5D61E321E73F12003603F1 /* WeatherViewController.swift */,
				3F5D61E421E73F12003603F1 /* WeatherViewController.xib */,
				3F5D615021E737C1003603F1 /* WeatherView.swift */,
			);
			path = WeatherViewController;
			sourceTree = "<group>";
		};
		3F5D61E821E75B16003603F1 /* CountriesViewController */ = {
			isa = PBXGroup;
			children = (
				3F2E2FC5220B206100AD7C65 /* Private */,
				3F5D61E921E75B38003603F1 /* CountriesViewController.swift */,
				3F5D61EA21E75B38003603F1 /* CountriesViewController.xib */,
				3F5D61ED21E75B57003603F1 /* CountriesView.swift */,
			);
			path = CountriesViewController;
			sourceTree = "<group>";
		};
		3F777F0821EC83B70069135B /* UIKit */ = {
			isa = PBXGroup;
			children = (
				3F777F0621EC83710069135B /* UIColor+Extensions.swift */,
				3FE79C9721EF308000E253CD /* UINib+Extensions.swift */,
				3FE79C9921EF309F00E253CD /* UITableViewCell.swift */,
			);
			path = UIKit;
			sourceTree = "<group>";
		};
		3F777F0D21ECA6FF0069135B /* Models */ = {
			isa = PBXGroup;
			children = (
				3F2E2FC0220B1FDD00AD7C65 /* Jsons */,
				3F90CA83220066E2009C7256 /* Countries.swift */,
				3FBBB1D321F9BAC300BA49F2 /* Country.swift */,
				3FBBB1D121F9BABA00BA49F2 /* Weather.swift */,
			);
			name = Models;
			path = Ui/Models;
			sourceTree = "<group>";
		};
		7B060431566C58A36CE64A98 /* Pods */ = {
			isa = PBXGroup;
			children = (
				8224DFC84E9123C65D29F506 /* Pods-WeatherAPI.debug.xcconfig */,
				8B692C4E3154FAC12DCD287F /* Pods-WeatherAPI.release.xcconfig */,
				CFAE580157D064931FD3D680 /* Pods-WeatherAPITests.debug.xcconfig */,
				183E0BC67EA5EFB62BC12CD4 /* Pods-WeatherAPITests.release.xcconfig */,
				DA2BFB5E478027B23B9D3D7E /* Pods-WeatherAPIUITests.debug.xcconfig */,
				9AFCCCCB5E442B68642F3ADA /* Pods-WeatherAPIUITests.release.xcconfig */,
			);
			name = Pods;
			path = Pods;
			sourceTree = "<group>";
		};
/* End PBXGroup section */

/* Begin PBXNativeTarget section */
		3F5D611921E7371A003603F1 /* WeatherAPI */ = {
			isa = PBXNativeTarget;
			buildConfigurationList = 3F5D614221E7371C003603F1 /* Build configuration list for PBXNativeTarget "WeatherAPI" */;
			buildPhases = (
				365005082FE866925124ACE3 /* [CP] Check Pods Manifest.lock */,
				3F5D611621E7371A003603F1 /* Sources */,
				3F5D611721E7371A003603F1 /* Frameworks */,
				3F5D611821E7371A003603F1 /* Resources */,
				466CC1ECF1EAA465C7E1C9CA /* [CP] Embed Pods Frameworks */,
			);
			buildRules = (
			);
			dependencies = (
			);
			name = WeatherAPI;
			productName = WeatherAPI;
			productReference = 3F5D611A21E7371A003603F1 /* WeatherAPI.app */;
			productType = "com.apple.product-type.application";
		};
		3F5D612D21E7371B003603F1 /* WeatherAPITests */ = {
			isa = PBXNativeTarget;
			buildConfigurationList = 3F5D614521E7371C003603F1 /* Build configuration list for PBXNativeTarget "WeatherAPITests" */;
			buildPhases = (
				91DC94B2002C43F32F17C79A /* [CP] Check Pods Manifest.lock */,
				3F5D612A21E7371B003603F1 /* Sources */,
				3F5D612B21E7371B003603F1 /* Frameworks */,
				3F5D612C21E7371B003603F1 /* Resources */,
			);
			buildRules = (
			);
			dependencies = (
				3F5D613021E7371B003603F1 /* PBXTargetDependency */,
			);
			name = WeatherAPITests;
			productName = WeatherAPITests;
			productReference = 3F5D612E21E7371B003603F1 /* WeatherAPITests.xctest */;
			productType = "com.apple.product-type.bundle.unit-test";
		};
		3F5D613821E7371C003603F1 /* WeatherAPIUITests */ = {
			isa = PBXNativeTarget;
			buildConfigurationList = 3F5D614821E7371C003603F1 /* Build configuration list for PBXNativeTarget "WeatherAPIUITests" */;
			buildPhases = (
				686411AABB7115E638EE2DF7 /* [CP] Check Pods Manifest.lock */,
				3F5D613521E7371C003603F1 /* Sources */,
				3F5D613621E7371C003603F1 /* Frameworks */,
				3F5D613721E7371C003603F1 /* Resources */,
			);
			buildRules = (
			);
			dependencies = (
				3F5D613B21E7371C003603F1 /* PBXTargetDependency */,
			);
			name = WeatherAPIUITests;
			productName = WeatherAPIUITests;
			productReference = 3F5D613921E7371C003603F1 /* WeatherAPIUITests.xctest */;
			productType = "com.apple.product-type.bundle.ui-testing";
		};
/* End PBXNativeTarget section */

/* Begin PBXProject section */
		3F5D611221E7371A003603F1 /* Project object */ = {
			isa = PBXProject;
			attributes = {
				LastSwiftUpdateCheck = 1000;
				LastUpgradeCheck = 1000;
				ORGANIZATIONNAME = Student;
				TargetAttributes = {
					3F5D611921E7371A003603F1 = {
						CreatedOnToolsVersion = 10.0;
					};
					3F5D612D21E7371B003603F1 = {
						CreatedOnToolsVersion = 10.0;
						TestTargetID = 3F5D611921E7371A003603F1;
					};
					3F5D613821E7371C003603F1 = {
						CreatedOnToolsVersion = 10.0;
						TestTargetID = 3F5D611921E7371A003603F1;
					};
				};
			};
			buildConfigurationList = 3F5D611521E7371A003603F1 /* Build configuration list for PBXProject "WeatherAPI" */;
			compatibilityVersion = "Xcode 9.3";
			developmentRegion = en;
			hasScannedForEncodings = 0;
			knownRegions = (
				en,
				Base,
			);
			mainGroup = 3F5D611121E7371A003603F1;
			productRefGroup = 3F5D611B21E7371A003603F1 /* Products */;
			projectDirPath = "";
			projectRoot = "";
			targets = (
				3F5D611921E7371A003603F1 /* WeatherAPI */,
				3F5D612D21E7371B003603F1 /* WeatherAPITests */,
				3F5D613821E7371C003603F1 /* WeatherAPIUITests */,
			);
		};
/* End PBXProject section */

/* Begin PBXResourcesBuildPhase section */
		3F5D611821E7371A003603F1 /* Resources */ = {
			isa = PBXResourcesBuildPhase;
			buildActionMask = 2147483647;
			files = (
				3F5D612821E7371B003603F1 /* LaunchScreen.storyboard in Resources */,
				3FAFE60B21FB3981000CE31E /* CountriesViewCell.xib in Resources */,
				3F5D61E621E73F12003603F1 /* WeatherViewController.xib in Resources */,
				3F5D612521E7371B003603F1 /* Assets.xcassets in Resources */,
				3F5D61EC21E75B38003603F1 /* CountriesViewController.xib in Resources */,
			);
			runOnlyForDeploymentPostprocessing = 0;
		};
		3F5D612C21E7371B003603F1 /* Resources */ = {
			isa = PBXResourcesBuildPhase;
			buildActionMask = 2147483647;
			files = (
			);
			runOnlyForDeploymentPostprocessing = 0;
		};
		3F5D613721E7371C003603F1 /* Resources */ = {
			isa = PBXResourcesBuildPhase;
			buildActionMask = 2147483647;
			files = (
			);
			runOnlyForDeploymentPostprocessing = 0;
		};
/* End PBXResourcesBuildPhase section */

/* Begin PBXShellScriptBuildPhase section */
		365005082FE866925124ACE3 /* [CP] Check Pods Manifest.lock */ = {
			isa = PBXShellScriptBuildPhase;
			buildActionMask = 2147483647;
			files = (
			);
			inputFileListPaths = (
			);
			inputPaths = (
				"${PODS_PODFILE_DIR_PATH}/Podfile.lock",
				"${PODS_ROOT}/Manifest.lock",
			);
			name = "[CP] Check Pods Manifest.lock";
			outputFileListPaths = (
			);
			outputPaths = (
				"$(DERIVED_FILE_DIR)/Pods-WeatherAPI-checkManifestLockResult.txt",
			);
			runOnlyForDeploymentPostprocessing = 0;
			shellPath = /bin/sh;
			shellScript = "diff \"${PODS_PODFILE_DIR_PATH}/Podfile.lock\" \"${PODS_ROOT}/Manifest.lock\" > /dev/null\nif [ $? != 0 ] ; then\n    # print error to STDERR\n    echo \"error: The sandbox is not in sync with the Podfile.lock. Run 'pod install' or update your CocoaPods installation.\" >&2\n    exit 1\nfi\n# This output is used by Xcode 'outputs' to avoid re-running this script phase.\necho \"SUCCESS\" > \"${SCRIPT_OUTPUT_FILE_0}\"\n";
			showEnvVarsInLog = 0;
		};
		466CC1ECF1EAA465C7E1C9CA /* [CP] Embed Pods Frameworks */ = {
			isa = PBXShellScriptBuildPhase;
			buildActionMask = 2147483647;
			files = (
			);
			inputFileListPaths = (
			);
			inputPaths = (
				"${PODS_ROOT}/Target Support Files/Pods-WeatherAPI/Pods-WeatherAPI-frameworks.sh",
				"${BUILT_PRODUCTS_DIR}/Alamofire/Alamofire.framework",
			);
			name = "[CP] Embed Pods Frameworks";
			outputFileListPaths = (
			);
			outputPaths = (
				"${TARGET_BUILD_DIR}/${FRAMEWORKS_FOLDER_PATH}/Alamofire.framework",
			);
			runOnlyForDeploymentPostprocessing = 0;
			shellPath = /bin/sh;
			shellScript = "\"${PODS_ROOT}/Target Support Files/Pods-WeatherAPI/Pods-WeatherAPI-frameworks.sh\"\n";
			showEnvVarsInLog = 0;
		};
		686411AABB7115E638EE2DF7 /* [CP] Check Pods Manifest.lock */ = {
			isa = PBXShellScriptBuildPhase;
			buildActionMask = 2147483647;
			files = (
			);
			inputFileListPaths = (
			);
			inputPaths = (
				"${PODS_PODFILE_DIR_PATH}/Podfile.lock",
				"${PODS_ROOT}/Manifest.lock",
			);
			name = "[CP] Check Pods Manifest.lock";
			outputFileListPaths = (
			);
			outputPaths = (
				"$(DERIVED_FILE_DIR)/Pods-WeatherAPIUITests-checkManifestLockResult.txt",
			);
			runOnlyForDeploymentPostprocessing = 0;
			shellPath = /bin/sh;
			shellScript = "diff \"${PODS_PODFILE_DIR_PATH}/Podfile.lock\" \"${PODS_ROOT}/Manifest.lock\" > /dev/null\nif [ $? != 0 ] ; then\n    # print error to STDERR\n    echo \"error: The sandbox is not in sync with the Podfile.lock. Run 'pod install' or update your CocoaPods installation.\" >&2\n    exit 1\nfi\n# This output is used by Xcode 'outputs' to avoid re-running this script phase.\necho \"SUCCESS\" > \"${SCRIPT_OUTPUT_FILE_0}\"\n";
			showEnvVarsInLog = 0;
		};
		91DC94B2002C43F32F17C79A /* [CP] Check Pods Manifest.lock */ = {
			isa = PBXShellScriptBuildPhase;
			buildActionMask = 2147483647;
			files = (
			);
			inputFileListPaths = (
			);
			inputPaths = (
				"${PODS_PODFILE_DIR_PATH}/Podfile.lock",
				"${PODS_ROOT}/Manifest.lock",
			);
			name = "[CP] Check Pods Manifest.lock";
			outputFileListPaths = (
			);
			outputPaths = (
				"$(DERIVED_FILE_DIR)/Pods-WeatherAPITests-checkManifestLockResult.txt",
			);
			runOnlyForDeploymentPostprocessing = 0;
			shellPath = /bin/sh;
			shellScript = "diff \"${PODS_PODFILE_DIR_PATH}/Podfile.lock\" \"${PODS_ROOT}/Manifest.lock\" > /dev/null\nif [ $? != 0 ] ; then\n    # print error to STDERR\n    echo \"error: The sandbox is not in sync with the Podfile.lock. Run 'pod install' or update your CocoaPods installation.\" >&2\n    exit 1\nfi\n# This output is used by Xcode 'outputs' to avoid re-running this script phase.\necho \"SUCCESS\" > \"${SCRIPT_OUTPUT_FILE_0}\"\n";
			showEnvVarsInLog = 0;
		};
/* End PBXShellScriptBuildPhase section */

/* Begin PBXSourcesBuildPhase section */
		3F5D611621E7371A003603F1 /* Sources */ = {
			isa = PBXSourcesBuildPhase;
			buildActionMask = 2147483647;
			files = (
				3FBBB1D421F9BAC300BA49F2 /* Country.swift in Sources */,
				3F5D61D021E73B9E003603F1 /* ObservableObject.Observers.swift in Sources */,
				3F20D8232213089F003F6981 /* NetworkTask+Failed.swift in Sources */,
				3F5D61E521E73F12003603F1 /* WeatherViewController.swift in Sources */,
				3F2E2FBC220B1DEC00AD7C65 /* CountriesNetworkService.swift in Sources */,
				3F5D61DF21E73B9E003603F1 /* Strideable+Extensions.swift in Sources */,
				3FBBB1D221F9BABA00BA49F2 /* Weather.swift in Sources */,
				3F5D61D821E73B9E003603F1 /* RootViewRepresentable.swift in Sources */,
				3FAFE60C21FB3981000CE31E /* CountriesViewCell.swift in Sources */,
				3F5D611E21E7371A003603F1 /* AppDelegate.swift in Sources */,
				3F90CA82220066BB009C7256 /* ObservableWrapper.swift in Sources */,
				3F20D821221302C3003F6981 /* DataNetworkRequestServiceMock.swift in Sources */,
				3F20D8182212B6B1003F6981 /* Result.swift in Sources */,
				3F5D61D321E73B9E003603F1 /* AbstractCancellableProperty.swift in Sources */,
				3F4EF7392209ABFE00BC94DE /* DateFormatter+Extensions.swift in Sources */,
				3F5D61DC21E73B9E003603F1 /* NSLocking+Extension.swift in Sources */,
				3F5D61D521E73B9E003603F1 /* F.swift in Sources */,
				3F5D61EB21E75B38003603F1 /* CountriesViewController.swift in Sources */,
				3F5D61D621E73B9E003603F1 /* Queue.swift in Sources */,
				3F5D61DB21E73B9E003603F1 /* Optional+Extension.swift in Sources */,
				3F2E2FC4220B200100AD7C65 /* CountryJson.swift in Sources */,
				3F20D81D2212C11D003F6981 /* Operators.swift in Sources */,
				3F303C972211C0E300FCB031 /* NetworkStateable.swift in Sources */,
				3F2E2FC7220B20BC00AD7C65 /* Parser.swift in Sources */,
				3F5D61EE21E75B57003603F1 /* CountriesView.swift in Sources */,
				3F5D61E021E73B9E003603F1 /* Cancellable.swift in Sources */,
				3F2E2FC2220B1FF400AD7C65 /* WeatherJson.swift in Sources */,
				3FE79C9621EF305100E253CD /* TableViewCell.swift in Sources */,
				3F0625C2221430E100D697A3 /* DataNetworkRequestServiceType.swift in Sources */,
				3F2E2FBE220B1E0800AD7C65 /* WeatherNetworkService.swift in Sources */,
				3F777F0721EC83710069135B /* UIColor+Extensions.swift in Sources */,
				3F2E2FC9220B20DC00AD7C65 /* DataNetworkRequestService.swift in Sources */,
				3FE79C9A21EF309F00E253CD /* UITableViewCell.swift in Sources */,
				3F5D61D921E73B9E003603F1 /* CGRect+Extensions.swift in Sources */,
				3F5D61D421E73B9E003603F1 /* ObservableObject.Observer.swift in Sources */,
				3F20D81B2212C099003F6981 /* PrecedenceGroups.swift in Sources */,
				3F5D61DA21E73B9E003603F1 /* DispatchQueue+Extensions.swift in Sources */,
				3F2E2FCB220B22CF00AD7C65 /* Double+Extensions.swift in Sources */,
				3FE79C9821EF308000E253CD /* UINib+Extensions.swift in Sources */,
				3F5D61DD21E73B9E003603F1 /* DispatchTime+Extensions.swift in Sources */,
				3F777F0C21EC840C0069135B /* Color.swift in Sources */,
				3F5D615121E737C1003603F1 /* WeatherView.swift in Sources */,
				3F90CA84220066E2009C7256 /* Countries.swift in Sources */,
				3F5D61D121E73B9E003603F1 /* Generator.swift in Sources */,
				3F4EF73B2209AC4A00BC94DE /* Date+Extension.swift in Sources */,
				3F5D61D221E73B9E003603F1 /* ObservableObject.swift in Sources */,
				3F5D61DE21E73B9E003603F1 /* RangeReplaceableCollection+Extensions.swift in Sources */,
				3F20D81F221301E7003F6981 /* NetworkTask.swift in Sources */,
				3F777F0A21EC83E40069135B /* ColorRepresentable.swift in Sources */,
				3F5D61D721E73B9E003603F1 /* Atomic.swift in Sources */,
			);
			runOnlyForDeploymentPostprocessing = 0;
		};
		3F5D612A21E7371B003603F1 /* Sources */ = {
			isa = PBXSourcesBuildPhase;
			buildActionMask = 2147483647;
			files = (
				3F5D613321E7371C003603F1 /* WeatherAPITests.swift in Sources */,
			);
			runOnlyForDeploymentPostprocessing = 0;
		};
		3F5D613521E7371C003603F1 /* Sources */ = {
			isa = PBXSourcesBuildPhase;
			buildActionMask = 2147483647;
			files = (
				3F5D613E21E7371C003603F1 /* WeatherAPIUITests.swift in Sources */,
			);
			runOnlyForDeploymentPostprocessing = 0;
		};
/* End PBXSourcesBuildPhase section */

/* Begin PBXTargetDependency section */
		3F5D613021E7371B003603F1 /* PBXTargetDependency */ = {
			isa = PBXTargetDependency;
			target = 3F5D611921E7371A003603F1 /* WeatherAPI */;
			targetProxy = 3F5D612F21E7371B003603F1 /* PBXContainerItemProxy */;
		};
		3F5D613B21E7371C003603F1 /* PBXTargetDependency */ = {
			isa = PBXTargetDependency;
			target = 3F5D611921E7371A003603F1 /* WeatherAPI */;
			targetProxy = 3F5D613A21E7371C003603F1 /* PBXContainerItemProxy */;
		};
/* End PBXTargetDependency section */

/* Begin PBXVariantGroup section */
		3F5D612621E7371B003603F1 /* LaunchScreen.storyboard */ = {
			isa = PBXVariantGroup;
			children = (
				3F5D612721E7371B003603F1 /* Base */,
			);
			name = LaunchScreen.storyboard;
			sourceTree = "<group>";
		};
/* End PBXVariantGroup section */

/* Begin XCBuildConfiguration section */
		3F5D614021E7371C003603F1 /* Debug */ = {
			isa = XCBuildConfiguration;
			buildSettings = {
				ALWAYS_SEARCH_USER_PATHS = NO;
				CLANG_ANALYZER_NONNULL = YES;
				CLANG_ANALYZER_NUMBER_OBJECT_CONVERSION = YES_AGGRESSIVE;
				CLANG_CXX_LANGUAGE_STANDARD = "gnu++14";
				CLANG_CXX_LIBRARY = "libc++";
				CLANG_ENABLE_MODULES = YES;
				CLANG_ENABLE_OBJC_ARC = YES;
				CLANG_ENABLE_OBJC_WEAK = YES;
				CLANG_WARN_BLOCK_CAPTURE_AUTORELEASING = YES;
				CLANG_WARN_BOOL_CONVERSION = YES;
				CLANG_WARN_COMMA = YES;
				CLANG_WARN_CONSTANT_CONVERSION = YES;
				CLANG_WARN_DEPRECATED_OBJC_IMPLEMENTATIONS = YES;
				CLANG_WARN_DIRECT_OBJC_ISA_USAGE = YES_ERROR;
				CLANG_WARN_DOCUMENTATION_COMMENTS = YES;
				CLANG_WARN_EMPTY_BODY = YES;
				CLANG_WARN_ENUM_CONVERSION = YES;
				CLANG_WARN_INFINITE_RECURSION = YES;
				CLANG_WARN_INT_CONVERSION = YES;
				CLANG_WARN_NON_LITERAL_NULL_CONVERSION = YES;
				CLANG_WARN_OBJC_IMPLICIT_RETAIN_SELF = YES;
				CLANG_WARN_OBJC_LITERAL_CONVERSION = YES;
				CLANG_WARN_OBJC_ROOT_CLASS = YES_ERROR;
				CLANG_WARN_RANGE_LOOP_ANALYSIS = YES;
				CLANG_WARN_STRICT_PROTOTYPES = YES;
				CLANG_WARN_SUSPICIOUS_MOVE = YES;
				CLANG_WARN_UNGUARDED_AVAILABILITY = YES_AGGRESSIVE;
				CLANG_WARN_UNREACHABLE_CODE = YES;
				CLANG_WARN__DUPLICATE_METHOD_MATCH = YES;
				CODE_SIGN_IDENTITY = "iPhone Developer";
				COPY_PHASE_STRIP = NO;
				DEBUG_INFORMATION_FORMAT = dwarf;
				ENABLE_STRICT_OBJC_MSGSEND = YES;
				ENABLE_TESTABILITY = YES;
				GCC_C_LANGUAGE_STANDARD = gnu11;
				GCC_DYNAMIC_NO_PIC = NO;
				GCC_NO_COMMON_BLOCKS = YES;
				GCC_OPTIMIZATION_LEVEL = 0;
				GCC_PREPROCESSOR_DEFINITIONS = (
					"DEBUG=1",
					"$(inherited)",
				);
				GCC_WARN_64_TO_32_BIT_CONVERSION = YES;
				GCC_WARN_ABOUT_RETURN_TYPE = YES_ERROR;
				GCC_WARN_UNDECLARED_SELECTOR = YES;
				GCC_WARN_UNINITIALIZED_AUTOS = YES_AGGRESSIVE;
				GCC_WARN_UNUSED_FUNCTION = YES;
				GCC_WARN_UNUSED_VARIABLE = YES;
				IPHONEOS_DEPLOYMENT_TARGET = 12.0;
				MTL_ENABLE_DEBUG_INFO = INCLUDE_SOURCE;
				MTL_FAST_MATH = YES;
				ONLY_ACTIVE_ARCH = YES;
				SDKROOT = iphoneos;
				SWIFT_ACTIVE_COMPILATION_CONDITIONS = DEBUG;
				SWIFT_OPTIMIZATION_LEVEL = "-Onone";
			};
			name = Debug;
		};
		3F5D614121E7371C003603F1 /* Release */ = {
			isa = XCBuildConfiguration;
			buildSettings = {
				ALWAYS_SEARCH_USER_PATHS = NO;
				CLANG_ANALYZER_NONNULL = YES;
				CLANG_ANALYZER_NUMBER_OBJECT_CONVERSION = YES_AGGRESSIVE;
				CLANG_CXX_LANGUAGE_STANDARD = "gnu++14";
				CLANG_CXX_LIBRARY = "libc++";
				CLANG_ENABLE_MODULES = YES;
				CLANG_ENABLE_OBJC_ARC = YES;
				CLANG_ENABLE_OBJC_WEAK = YES;
				CLANG_WARN_BLOCK_CAPTURE_AUTORELEASING = YES;
				CLANG_WARN_BOOL_CONVERSION = YES;
				CLANG_WARN_COMMA = YES;
				CLANG_WARN_CONSTANT_CONVERSION = YES;
				CLANG_WARN_DEPRECATED_OBJC_IMPLEMENTATIONS = YES;
				CLANG_WARN_DIRECT_OBJC_ISA_USAGE = YES_ERROR;
				CLANG_WARN_DOCUMENTATION_COMMENTS = YES;
				CLANG_WARN_EMPTY_BODY = YES;
				CLANG_WARN_ENUM_CONVERSION = YES;
				CLANG_WARN_INFINITE_RECURSION = YES;
				CLANG_WARN_INT_CONVERSION = YES;
				CLANG_WARN_NON_LITERAL_NULL_CONVERSION = YES;
				CLANG_WARN_OBJC_IMPLICIT_RETAIN_SELF = YES;
				CLANG_WARN_OBJC_LITERAL_CONVERSION = YES;
				CLANG_WARN_OBJC_ROOT_CLASS = YES_ERROR;
				CLANG_WARN_RANGE_LOOP_ANALYSIS = YES;
				CLANG_WARN_STRICT_PROTOTYPES = YES;
				CLANG_WARN_SUSPICIOUS_MOVE = YES;
				CLANG_WARN_UNGUARDED_AVAILABILITY = YES_AGGRESSIVE;
				CLANG_WARN_UNREACHABLE_CODE = YES;
				CLANG_WARN__DUPLICATE_METHOD_MATCH = YES;
				CODE_SIGN_IDENTITY = "iPhone Developer";
				COPY_PHASE_STRIP = NO;
				DEBUG_INFORMATION_FORMAT = "dwarf-with-dsym";
				ENABLE_NS_ASSERTIONS = NO;
				ENABLE_STRICT_OBJC_MSGSEND = YES;
				GCC_C_LANGUAGE_STANDARD = gnu11;
				GCC_NO_COMMON_BLOCKS = YES;
				GCC_WARN_64_TO_32_BIT_CONVERSION = YES;
				GCC_WARN_ABOUT_RETURN_TYPE = YES_ERROR;
				GCC_WARN_UNDECLARED_SELECTOR = YES;
				GCC_WARN_UNINITIALIZED_AUTOS = YES_AGGRESSIVE;
				GCC_WARN_UNUSED_FUNCTION = YES;
				GCC_WARN_UNUSED_VARIABLE = YES;
				IPHONEOS_DEPLOYMENT_TARGET = 12.0;
				MTL_ENABLE_DEBUG_INFO = NO;
				MTL_FAST_MATH = YES;
				SDKROOT = iphoneos;
				SWIFT_COMPILATION_MODE = wholemodule;
				SWIFT_OPTIMIZATION_LEVEL = "-O";
				VALIDATE_PRODUCT = YES;
			};
			name = Release;
		};
		3F5D614321E7371C003603F1 /* Debug */ = {
			isa = XCBuildConfiguration;
			baseConfigurationReference = 8224DFC84E9123C65D29F506 /* Pods-WeatherAPI.debug.xcconfig */;
			buildSettings = {
				ASSETCATALOG_COMPILER_APPICON_NAME = AppIcon;
				CODE_SIGN_IDENTITY = "iPhone Developer";
				CODE_SIGN_STYLE = Automatic;
				DEVELOPMENT_TEAM = "";
				INFOPLIST_FILE = WeatherAPI/Info.plist;
				LD_RUNPATH_SEARCH_PATHS = (
					"$(inherited)",
					"@executable_path/Frameworks",
				);
				PRODUCT_BUNDLE_IDENTIFIER = IDAP.WeatherAPI;
				PRODUCT_NAME = "$(TARGET_NAME)";
				PROVISIONING_PROFILE_SPECIFIER = "";
				SWIFT_VERSION = 4.2;
				TARGETED_DEVICE_FAMILY = "1,2";
			};
			name = Debug;
		};
		3F5D614421E7371C003603F1 /* Release */ = {
			isa = XCBuildConfiguration;
			baseConfigurationReference = 8B692C4E3154FAC12DCD287F /* Pods-WeatherAPI.release.xcconfig */;
			buildSettings = {
				ASSETCATALOG_COMPILER_APPICON_NAME = AppIcon;
				CODE_SIGN_IDENTITY = "iPhone Developer";
				CODE_SIGN_STYLE = Automatic;
				DEVELOPMENT_TEAM = "";
				INFOPLIST_FILE = WeatherAPI/Info.plist;
				LD_RUNPATH_SEARCH_PATHS = (
					"$(inherited)",
					"@executable_path/Frameworks",
				);
				PRODUCT_BUNDLE_IDENTIFIER = IDAP.WeatherAPI;
				PRODUCT_NAME = "$(TARGET_NAME)";
				PROVISIONING_PROFILE_SPECIFIER = "";
				SWIFT_VERSION = 4.2;
				TARGETED_DEVICE_FAMILY = "1,2";
			};
			name = Release;
		};
		3F5D614621E7371C003603F1 /* Debug */ = {
			isa = XCBuildConfiguration;
			baseConfigurationReference = CFAE580157D064931FD3D680 /* Pods-WeatherAPITests.debug.xcconfig */;
			buildSettings = {
				ALWAYS_EMBED_SWIFT_STANDARD_LIBRARIES = YES;
				BUNDLE_LOADER = "$(TEST_HOST)";
				CODE_SIGN_STYLE = Automatic;
				DEVELOPMENT_TEAM = BDGN29TYRX;
				INFOPLIST_FILE = WeatherAPITests/Info.plist;
				LD_RUNPATH_SEARCH_PATHS = (
					"$(inherited)",
					"@executable_path/Frameworks",
					"@loader_path/Frameworks",
				);
				PRODUCT_BUNDLE_IDENTIFIER = IDAP.WeatherAPITests;
				PRODUCT_NAME = "$(TARGET_NAME)";
				SWIFT_VERSION = 4.2;
				TARGETED_DEVICE_FAMILY = "1,2";
				TEST_HOST = "$(BUILT_PRODUCTS_DIR)/WeatherAPI.app/WeatherAPI";
			};
			name = Debug;
		};
		3F5D614721E7371C003603F1 /* Release */ = {
			isa = XCBuildConfiguration;
			baseConfigurationReference = 183E0BC67EA5EFB62BC12CD4 /* Pods-WeatherAPITests.release.xcconfig */;
			buildSettings = {
				ALWAYS_EMBED_SWIFT_STANDARD_LIBRARIES = YES;
				BUNDLE_LOADER = "$(TEST_HOST)";
				CODE_SIGN_STYLE = Automatic;
				DEVELOPMENT_TEAM = BDGN29TYRX;
				INFOPLIST_FILE = WeatherAPITests/Info.plist;
				LD_RUNPATH_SEARCH_PATHS = (
					"$(inherited)",
					"@executable_path/Frameworks",
					"@loader_path/Frameworks",
				);
				PRODUCT_BUNDLE_IDENTIFIER = IDAP.WeatherAPITests;
				PRODUCT_NAME = "$(TARGET_NAME)";
				SWIFT_VERSION = 4.2;
				TARGETED_DEVICE_FAMILY = "1,2";
				TEST_HOST = "$(BUILT_PRODUCTS_DIR)/WeatherAPI.app/WeatherAPI";
			};
			name = Release;
		};
		3F5D614921E7371C003603F1 /* Debug */ = {
			isa = XCBuildConfiguration;
			baseConfigurationReference = DA2BFB5E478027B23B9D3D7E /* Pods-WeatherAPIUITests.debug.xcconfig */;
			buildSettings = {
				ALWAYS_EMBED_SWIFT_STANDARD_LIBRARIES = YES;
				CODE_SIGN_STYLE = Automatic;
				DEVELOPMENT_TEAM = BDGN29TYRX;
				INFOPLIST_FILE = WeatherAPIUITests/Info.plist;
				LD_RUNPATH_SEARCH_PATHS = (
					"$(inherited)",
					"@executable_path/Frameworks",
					"@loader_path/Frameworks",
				);
				PRODUCT_BUNDLE_IDENTIFIER = IDAP.WeatherAPIUITests;
				PRODUCT_NAME = "$(TARGET_NAME)";
				SWIFT_VERSION = 4.2;
				TARGETED_DEVICE_FAMILY = "1,2";
				TEST_TARGET_NAME = WeatherAPI;
			};
			name = Debug;
		};
		3F5D614A21E7371C003603F1 /* Release */ = {
			isa = XCBuildConfiguration;
			baseConfigurationReference = 9AFCCCCB5E442B68642F3ADA /* Pods-WeatherAPIUITests.release.xcconfig */;
			buildSettings = {
				ALWAYS_EMBED_SWIFT_STANDARD_LIBRARIES = YES;
				CODE_SIGN_STYLE = Automatic;
				DEVELOPMENT_TEAM = BDGN29TYRX;
				INFOPLIST_FILE = WeatherAPIUITests/Info.plist;
				LD_RUNPATH_SEARCH_PATHS = (
					"$(inherited)",
					"@executable_path/Frameworks",
					"@loader_path/Frameworks",
				);
				PRODUCT_BUNDLE_IDENTIFIER = IDAP.WeatherAPIUITests;
				PRODUCT_NAME = "$(TARGET_NAME)";
				SWIFT_VERSION = 4.2;
				TARGETED_DEVICE_FAMILY = "1,2";
				TEST_TARGET_NAME = WeatherAPI;
			};
			name = Release;
		};
/* End XCBuildConfiguration section */

/* Begin XCConfigurationList section */
		3F5D611521E7371A003603F1 /* Build configuration list for PBXProject "WeatherAPI" */ = {
			isa = XCConfigurationList;
			buildConfigurations = (
				3F5D614021E7371C003603F1 /* Debug */,
				3F5D614121E7371C003603F1 /* Release */,
			);
			defaultConfigurationIsVisible = 0;
			defaultConfigurationName = Release;
		};
		3F5D614221E7371C003603F1 /* Build configuration list for PBXNativeTarget "WeatherAPI" */ = {
			isa = XCConfigurationList;
			buildConfigurations = (
				3F5D614321E7371C003603F1 /* Debug */,
				3F5D614421E7371C003603F1 /* Release */,
			);
			defaultConfigurationIsVisible = 0;
			defaultConfigurationName = Release;
		};
		3F5D614521E7371C003603F1 /* Build configuration list for PBXNativeTarget "WeatherAPITests" */ = {
			isa = XCConfigurationList;
			buildConfigurations = (
				3F5D614621E7371C003603F1 /* Debug */,
				3F5D614721E7371C003603F1 /* Release */,
			);
			defaultConfigurationIsVisible = 0;
			defaultConfigurationName = Release;
		};
		3F5D614821E7371C003603F1 /* Build configuration list for PBXNativeTarget "WeatherAPIUITests" */ = {
			isa = XCConfigurationList;
			buildConfigurations = (
				3F5D614921E7371C003603F1 /* Debug */,
				3F5D614A21E7371C003603F1 /* Release */,
			);
			defaultConfigurationIsVisible = 0;
			defaultConfigurationName = Release;
		};
/* End XCConfigurationList section */
	};
	rootObject = 3F5D611221E7371A003603F1 /* Project object */;
}
